// !$*UTF8*$!
{
	archiveVersion = 1;
	classes = {
	};
	objectVersion = 46;
	objects = {

/* Begin PBXBuildFile section */
		4E0C354E1A0E4E4A00507E4B /* main.m in Sources */ = {isa = PBXBuildFile; fileRef = 4E0C354D1A0E4E4A00507E4B /* main.m */; };
		4E0C35511A0E4E4A00507E4B /* AppDelegate.m in Sources */ = {isa = PBXBuildFile; fileRef = 4E0C35501A0E4E4A00507E4B /* AppDelegate.m */; };
		4E0C35541A0E4E4A00507E4B /* IntroViewController.m in Sources */ = {isa = PBXBuildFile; fileRef = 4E0C35531A0E4E4A00507E4B /* IntroViewController.m */; };
		4E0C35571A0E4E4A00507E4B /* Main.storyboard in Resources */ = {isa = PBXBuildFile; fileRef = 4E0C35551A0E4E4A00507E4B /* Main.storyboard */; };
		4E0C35591A0E4E4A00507E4B /* Images.xcassets in Resources */ = {isa = PBXBuildFile; fileRef = 4E0C35581A0E4E4A00507E4B /* Images.xcassets */; };
		4E0C355C1A0E4E4A00507E4B /* LaunchScreen.xib in Resources */ = {isa = PBXBuildFile; fileRef = 4E0C355A1A0E4E4A00507E4B /* LaunchScreen.xib */; };
		4E0C35731A0E51DE00507E4B /* MapViewController.m in Sources */ = {isa = PBXBuildFile; fileRef = 4E0C35721A0E51DE00507E4B /* MapViewController.m */; };
		4E0C35781A0E532B00507E4B /* AVFoundation.framework in Frameworks */ = {isa = PBXBuildFile; fileRef = 4E0C35771A0E532B00507E4B /* AVFoundation.framework */; };
		4E0C357A1A0E533000507E4B /* CoreBluetooth.framework in Frameworks */ = {isa = PBXBuildFile; fileRef = 4E0C35791A0E533000507E4B /* CoreBluetooth.framework */; };
		4E0C35841A0E537300507E4B /* CoreImage.framework in Frameworks */ = {isa = PBXBuildFile; fileRef = 4E0C357B1A0E537300507E4B /* CoreImage.framework */; };
		4E0C35851A0E537300507E4B /* CoreLocation.framework in Frameworks */ = {isa = PBXBuildFile; fileRef = 4E0C357C1A0E537300507E4B /* CoreLocation.framework */; };
		4E0C35861A0E537300507E4B /* CoreMedia.framework in Frameworks */ = {isa = PBXBuildFile; fileRef = 4E0C357D1A0E537300507E4B /* CoreMedia.framework */; };
		4E0C35871A0E537300507E4B /* ImageIO.framework in Frameworks */ = {isa = PBXBuildFile; fileRef = 4E0C357E1A0E537300507E4B /* ImageIO.framework */; };
		4E0C35881A0E537300507E4B /* OpenGLES.framework in Frameworks */ = {isa = PBXBuildFile; fileRef = 4E0C357F1A0E537300507E4B /* OpenGLES.framework */; };
		4E0C35891A0E537300507E4B /* QuartzCore.framework in Frameworks */ = {isa = PBXBuildFile; fileRef = 4E0C35801A0E537300507E4B /* QuartzCore.framework */; };
		4E0C358A1A0E537300507E4B /* Security.framework in Frameworks */ = {isa = PBXBuildFile; fileRef = 4E0C35811A0E537300507E4B /* Security.framework */; };
		4E0C358B1A0E537300507E4B /* Social.framework in Frameworks */ = {isa = PBXBuildFile; fileRef = 4E0C35821A0E537300507E4B /* Social.framework */; };
		4E0C358C1A0E537300507E4B /* Twitter.framework in Frameworks */ = {isa = PBXBuildFile; fileRef = 4E0C35831A0E537300507E4B /* Twitter.framework */; };
		4E0C358E1A0E538200507E4B /* MessageUI.framework in Frameworks */ = {isa = PBXBuildFile; fileRef = 4E0C358D1A0E538200507E4B /* MessageUI.framework */; };
		4E0C35901A0E539400507E4B /* libiconv.dylib in Frameworks */ = {isa = PBXBuildFile; fileRef = 4E0C358F1A0E539400507E4B /* libiconv.dylib */; };
		4E0C35921A0E539A00507E4B /* libc++.dylib in Frameworks */ = {isa = PBXBuildFile; fileRef = 4E0C35911A0E539A00507E4B /* libc++.dylib */; };
		4E0C35941A0E53A200507E4B /* libz.dylib in Frameworks */ = {isa = PBXBuildFile; fileRef = 4E0C35931A0E53A200507E4B /* libz.dylib */; };
		4E0C35961A0E53CD00507E4B /* MediaPlayer.framework in Frameworks */ = {isa = PBXBuildFile; fileRef = 4E0C35951A0E53CD00507E4B /* MediaPlayer.framework */; };
		4E0C35981A0E53D400507E4B /* Accelerate.framework in Frameworks */ = {isa = PBXBuildFile; fileRef = 4E0C35971A0E53D400507E4B /* Accelerate.framework */; };
		4E0C359A1A0E53D800507E4B /* libicucore.dylib in Frameworks */ = {isa = PBXBuildFile; fileRef = 4E0C35991A0E53D800507E4B /* libicucore.dylib */; };
		4E0C359D1A0E549100507E4B /* MyCameraImageSource.m in Sources */ = {isa = PBXBuildFile; fileRef = 4E0C359C1A0E549100507E4B /* MyCameraImageSource.m */; };
		4E0C35CC1A0E5FC500507E4B /* web in Resources */ = {isa = PBXBuildFile; fileRef = 4E0C35CB1A0E5FC500507E4B /* web */; };
		4E0C35CE1A0F61AB00507E4B /* VDARSDK.framework in Frameworks */ = {isa = PBXBuildFile; fileRef = 4E0C35CD1A0F61AB00507E4B /* VDARSDK.framework */; };
		4E0C35D31A0F6A8D00507E4B /* camOverlay_iPad.png in Resources */ = {isa = PBXBuildFile; fileRef = 4E0C35CF1A0F6A8D00507E4B /* camOverlay_iPad.png */; };
		4E0C35D41A0F6A8D00507E4B /* camOverlay_iPad@2x.png in Resources */ = {isa = PBXBuildFile; fileRef = 4E0C35D01A0F6A8D00507E4B /* camOverlay_iPad@2x.png */; };
		4E0C35D51A0F6A8D00507E4B /* camOverlay_iPhone.png in Resources */ = {isa = PBXBuildFile; fileRef = 4E0C35D11A0F6A8D00507E4B /* camOverlay_iPhone.png */; };
		4E0C35D61A0F6A8D00507E4B /* camOverlay_iPhone@2x.png in Resources */ = {isa = PBXBuildFile; fileRef = 4E0C35D21A0F6A8D00507E4B /* camOverlay_iPhone@2x.png */; };
		4E0C35DF1A0F6B2E00507E4B /* target_corner_1.png in Resources */ = {isa = PBXBuildFile; fileRef = 4E0C35D71A0F6B2E00507E4B /* target_corner_1.png */; };
		4E0C35E01A0F6B2E00507E4B /* target_corner_1@2x.png in Resources */ = {isa = PBXBuildFile; fileRef = 4E0C35D81A0F6B2E00507E4B /* target_corner_1@2x.png */; };
		4E0C35E11A0F6B2E00507E4B /* target_corner_2.png in Resources */ = {isa = PBXBuildFile; fileRef = 4E0C35D91A0F6B2E00507E4B /* target_corner_2.png */; };
		4E0C35E21A0F6B2E00507E4B /* target_corner_2@2x.png in Resources */ = {isa = PBXBuildFile; fileRef = 4E0C35DA1A0F6B2E00507E4B /* target_corner_2@2x.png */; };
		4E0C35E31A0F6B2E00507E4B /* target_corner_3.png in Resources */ = {isa = PBXBuildFile; fileRef = 4E0C35DB1A0F6B2E00507E4B /* target_corner_3.png */; };
		4E0C35E41A0F6B2E00507E4B /* target_corner_3@2x.png in Resources */ = {isa = PBXBuildFile; fileRef = 4E0C35DC1A0F6B2E00507E4B /* target_corner_3@2x.png */; };
		4E0C35E51A0F6B2E00507E4B /* target_corner_4.png in Resources */ = {isa = PBXBuildFile; fileRef = 4E0C35DD1A0F6B2E00507E4B /* target_corner_4.png */; };
		4E0C35E61A0F6B2E00507E4B /* target_corner_4@2x.png in Resources */ = {isa = PBXBuildFile; fileRef = 4E0C35DE1A0F6B2E00507E4B /* target_corner_4@2x.png */; };
		4E0C35E81A0F9A5000507E4B /* lutte.mp3 in Resources */ = {isa = PBXBuildFile; fileRef = 4E0C35E71A0F9A5000507E4B /* lutte.mp3 */; };
/* End PBXBuildFile section */

/* Begin PBXContainerItemProxy section */
		4E0C35621A0E4E4A00507E4B /* PBXContainerItemProxy */ = {
			isa = PBXContainerItemProxy;
			containerPortal = 4E0C35401A0E4E4A00507E4B /* Project object */;
			proxyType = 1;
			remoteGlobalIDString = 4E0C35471A0E4E4A00507E4B;
			remoteInfo = Museochoix;
		};
/* End PBXContainerItemProxy section */

/* Begin PBXFileReference section */
		4E0C35481A0E4E4A00507E4B /* Museochoix.app */ = {isa = PBXFileReference; explicitFileType = wrapper.application; includeInIndex = 0; path = Museochoix.app; sourceTree = BUILT_PRODUCTS_DIR; };
		4E0C354C1A0E4E4A00507E4B /* Info.plist */ = {isa = PBXFileReference; lastKnownFileType = text.plist.xml; path = Info.plist; sourceTree = "<group>"; };
		4E0C354D1A0E4E4A00507E4B /* main.m */ = {isa = PBXFileReference; lastKnownFileType = sourcecode.c.objc; path = main.m; sourceTree = "<group>"; };
		4E0C354F1A0E4E4A00507E4B /* AppDelegate.h */ = {isa = PBXFileReference; lastKnownFileType = sourcecode.c.h; path = AppDelegate.h; sourceTree = "<group>"; };
		4E0C35501A0E4E4A00507E4B /* AppDelegate.m */ = {isa = PBXFileReference; lastKnownFileType = sourcecode.c.objc; path = AppDelegate.m; sourceTree = "<group>"; };
		4E0C35521A0E4E4A00507E4B /* IntroViewController.h */ = {isa = PBXFileReference; lastKnownFileType = sourcecode.c.h; path = IntroViewController.h; sourceTree = "<group>"; };
		4E0C35531A0E4E4A00507E4B /* IntroViewController.m */ = {isa = PBXFileReference; lastKnownFileType = sourcecode.c.objc; path = IntroViewController.m; sourceTree = "<group>"; };
		4E0C35561A0E4E4A00507E4B /* Base */ = {isa = PBXFileReference; lastKnownFileType = file.storyboard; name = Base; path = Base.lproj/Main.storyboard; sourceTree = "<group>"; };
		4E0C35581A0E4E4A00507E4B /* Images.xcassets */ = {isa = PBXFileReference; lastKnownFileType = folder.assetcatalog; path = Images.xcassets; sourceTree = "<group>"; };
		4E0C355B1A0E4E4A00507E4B /* Base */ = {isa = PBXFileReference; lastKnownFileType = file.xib; name = Base; path = Base.lproj/LaunchScreen.xib; sourceTree = "<group>"; };
		4E0C35611A0E4E4A00507E4B /* MuseochoixTests.xctest */ = {isa = PBXFileReference; explicitFileType = wrapper.cfbundle; includeInIndex = 0; path = MuseochoixTests.xctest; sourceTree = BUILT_PRODUCTS_DIR; };
		4E0C35711A0E51DE00507E4B /* MapViewController.h */ = {isa = PBXFileReference; fileEncoding = 4; lastKnownFileType = sourcecode.c.h; path = MapViewController.h; sourceTree = "<group>"; };
		4E0C35721A0E51DE00507E4B /* MapViewController.m */ = {isa = PBXFileReference; fileEncoding = 4; lastKnownFileType = sourcecode.c.objc; path = MapViewController.m; sourceTree = "<group>"; };
		4E0C35771A0E532B00507E4B /* AVFoundation.framework */ = {isa = PBXFileReference; lastKnownFileType = wrapper.framework; name = AVFoundation.framework; path = System/Library/Frameworks/AVFoundation.framework; sourceTree = SDKROOT; };
		4E0C35791A0E533000507E4B /* CoreBluetooth.framework */ = {isa = PBXFileReference; lastKnownFileType = wrapper.framework; name = CoreBluetooth.framework; path = System/Library/Frameworks/CoreBluetooth.framework; sourceTree = SDKROOT; };
		4E0C357B1A0E537300507E4B /* CoreImage.framework */ = {isa = PBXFileReference; lastKnownFileType = wrapper.framework; name = CoreImage.framework; path = System/Library/Frameworks/CoreImage.framework; sourceTree = SDKROOT; };
		4E0C357C1A0E537300507E4B /* CoreLocation.framework */ = {isa = PBXFileReference; lastKnownFileType = wrapper.framework; name = CoreLocation.framework; path = System/Library/Frameworks/CoreLocation.framework; sourceTree = SDKROOT; };
		4E0C357D1A0E537300507E4B /* CoreMedia.framework */ = {isa = PBXFileReference; lastKnownFileType = wrapper.framework; name = CoreMedia.framework; path = System/Library/Frameworks/CoreMedia.framework; sourceTree = SDKROOT; };
		4E0C357E1A0E537300507E4B /* ImageIO.framework */ = {isa = PBXFileReference; lastKnownFileType = wrapper.framework; name = ImageIO.framework; path = System/Library/Frameworks/ImageIO.framework; sourceTree = SDKROOT; };
		4E0C357F1A0E537300507E4B /* OpenGLES.framework */ = {isa = PBXFileReference; lastKnownFileType = wrapper.framework; name = OpenGLES.framework; path = System/Library/Frameworks/OpenGLES.framework; sourceTree = SDKROOT; };
		4E0C35801A0E537300507E4B /* QuartzCore.framework */ = {isa = PBXFileReference; lastKnownFileType = wrapper.framework; name = QuartzCore.framework; path = System/Library/Frameworks/QuartzCore.framework; sourceTree = SDKROOT; };
		4E0C35811A0E537300507E4B /* Security.framework */ = {isa = PBXFileReference; lastKnownFileType = wrapper.framework; name = Security.framework; path = System/Library/Frameworks/Security.framework; sourceTree = SDKROOT; };
		4E0C35821A0E537300507E4B /* Social.framework */ = {isa = PBXFileReference; lastKnownFileType = wrapper.framework; name = Social.framework; path = System/Library/Frameworks/Social.framework; sourceTree = SDKROOT; };
		4E0C35831A0E537300507E4B /* Twitter.framework */ = {isa = PBXFileReference; lastKnownFileType = wrapper.framework; name = Twitter.framework; path = System/Library/Frameworks/Twitter.framework; sourceTree = SDKROOT; };
		4E0C358D1A0E538200507E4B /* MessageUI.framework */ = {isa = PBXFileReference; lastKnownFileType = wrapper.framework; name = MessageUI.framework; path = System/Library/Frameworks/MessageUI.framework; sourceTree = SDKROOT; };
		4E0C358F1A0E539400507E4B /* libiconv.dylib */ = {isa = PBXFileReference; lastKnownFileType = "compiled.mach-o.dylib"; name = libiconv.dylib; path = usr/lib/libiconv.dylib; sourceTree = SDKROOT; };
		4E0C35911A0E539A00507E4B /* libc++.dylib */ = {isa = PBXFileReference; lastKnownFileType = "compiled.mach-o.dylib"; name = "libc++.dylib"; path = "usr/lib/libc++.dylib"; sourceTree = SDKROOT; };
		4E0C35931A0E53A200507E4B /* libz.dylib */ = {isa = PBXFileReference; lastKnownFileType = "compiled.mach-o.dylib"; name = libz.dylib; path = usr/lib/libz.dylib; sourceTree = SDKROOT; };
		4E0C35951A0E53CD00507E4B /* MediaPlayer.framework */ = {isa = PBXFileReference; lastKnownFileType = wrapper.framework; name = MediaPlayer.framework; path = System/Library/Frameworks/MediaPlayer.framework; sourceTree = SDKROOT; };
		4E0C35971A0E53D400507E4B /* Accelerate.framework */ = {isa = PBXFileReference; lastKnownFileType = wrapper.framework; name = Accelerate.framework; path = System/Library/Frameworks/Accelerate.framework; sourceTree = SDKROOT; };
		4E0C35991A0E53D800507E4B /* libicucore.dylib */ = {isa = PBXFileReference; lastKnownFileType = "compiled.mach-o.dylib"; name = libicucore.dylib; path = usr/lib/libicucore.dylib; sourceTree = SDKROOT; };
		4E0C359B1A0E549100507E4B /* MyCameraImageSource.h */ = {isa = PBXFileReference; fileEncoding = 4; lastKnownFileType = sourcecode.c.h; path = MyCameraImageSource.h; sourceTree = "<group>"; };
		4E0C359C1A0E549100507E4B /* MyCameraImageSource.m */ = {isa = PBXFileReference; fileEncoding = 4; lastKnownFileType = sourcecode.c.objc; path = MyCameraImageSource.m; sourceTree = "<group>"; };
		4E0C35CB1A0E5FC500507E4B /* web */ = {isa = PBXFileReference; lastKnownFileType = folder; path = web; sourceTree = SOURCE_ROOT; };
		4E0C35CD1A0F61AB00507E4B /* VDARSDK.framework */ = {isa = PBXFileReference; lastKnownFileType = wrapper.framework; path = VDARSDK.framework; sourceTree = "<group>"; };
		4E0C35CF1A0F6A8D00507E4B /* camOverlay_iPad.png */ = {isa = PBXFileReference; lastKnownFileType = image.png; path = camOverlay_iPad.png; sourceTree = "<group>"; };
		4E0C35D01A0F6A8D00507E4B /* camOverlay_iPad@2x.png */ = {isa = PBXFileReference; lastKnownFileType = image.png; path = "camOverlay_iPad@2x.png"; sourceTree = "<group>"; };
		4E0C35D11A0F6A8D00507E4B /* camOverlay_iPhone.png */ = {isa = PBXFileReference; lastKnownFileType = image.png; path = camOverlay_iPhone.png; sourceTree = "<group>"; };
		4E0C35D21A0F6A8D00507E4B /* camOverlay_iPhone@2x.png */ = {isa = PBXFileReference; lastKnownFileType = image.png; path = "camOverlay_iPhone@2x.png"; sourceTree = "<group>"; };
		4E0C35D71A0F6B2E00507E4B /* target_corner_1.png */ = {isa = PBXFileReference; lastKnownFileType = image.png; path = target_corner_1.png; sourceTree = "<group>"; };
		4E0C35D81A0F6B2E00507E4B /* target_corner_1@2x.png */ = {isa = PBXFileReference; lastKnownFileType = image.png; path = "target_corner_1@2x.png"; sourceTree = "<group>"; };
		4E0C35D91A0F6B2E00507E4B /* target_corner_2.png */ = {isa = PBXFileReference; lastKnownFileType = image.png; path = target_corner_2.png; sourceTree = "<group>"; };
		4E0C35DA1A0F6B2E00507E4B /* target_corner_2@2x.png */ = {isa = PBXFileReference; lastKnownFileType = image.png; path = "target_corner_2@2x.png"; sourceTree = "<group>"; };
		4E0C35DB1A0F6B2E00507E4B /* target_corner_3.png */ = {isa = PBXFileReference; lastKnownFileType = image.png; path = target_corner_3.png; sourceTree = "<group>"; };
		4E0C35DC1A0F6B2E00507E4B /* target_corner_3@2x.png */ = {isa = PBXFileReference; lastKnownFileType = image.png; path = "target_corner_3@2x.png"; sourceTree = "<group>"; };
		4E0C35DD1A0F6B2E00507E4B /* target_corner_4.png */ = {isa = PBXFileReference; lastKnownFileType = image.png; path = target_corner_4.png; sourceTree = "<group>"; };
		4E0C35DE1A0F6B2E00507E4B /* target_corner_4@2x.png */ = {isa = PBXFileReference; lastKnownFileType = image.png; path = "target_corner_4@2x.png"; sourceTree = "<group>"; };
		4E0C35E71A0F9A5000507E4B /* lutte.mp3 */ = {isa = PBXFileReference; lastKnownFileType = audio.mp3; path = lutte.mp3; sourceTree = "<group>"; };
/* End PBXFileReference section */

/* Begin PBXFrameworksBuildPhase section */
		4E0C35451A0E4E4A00507E4B /* Frameworks */ = {
			isa = PBXFrameworksBuildPhase;
			buildActionMask = 2147483647;
			files = (
				4E0C35CE1A0F61AB00507E4B /* VDARSDK.framework in Frameworks */,
				4E0C359A1A0E53D800507E4B /* libicucore.dylib in Frameworks */,
				4E0C35981A0E53D400507E4B /* Accelerate.framework in Frameworks */,
				4E0C35961A0E53CD00507E4B /* MediaPlayer.framework in Frameworks */,
				4E0C35941A0E53A200507E4B /* libz.dylib in Frameworks */,
				4E0C35921A0E539A00507E4B /* libc++.dylib in Frameworks */,
				4E0C35901A0E539400507E4B /* libiconv.dylib in Frameworks */,
				4E0C358E1A0E538200507E4B /* MessageUI.framework in Frameworks */,
				4E0C35841A0E537300507E4B /* CoreImage.framework in Frameworks */,
				4E0C35851A0E537300507E4B /* CoreLocation.framework in Frameworks */,
				4E0C35861A0E537300507E4B /* CoreMedia.framework in Frameworks */,
				4E0C35871A0E537300507E4B /* ImageIO.framework in Frameworks */,
				4E0C35881A0E537300507E4B /* OpenGLES.framework in Frameworks */,
				4E0C35891A0E537300507E4B /* QuartzCore.framework in Frameworks */,
				4E0C358A1A0E537300507E4B /* Security.framework in Frameworks */,
				4E0C358B1A0E537300507E4B /* Social.framework in Frameworks */,
				4E0C358C1A0E537300507E4B /* Twitter.framework in Frameworks */,
				4E0C357A1A0E533000507E4B /* CoreBluetooth.framework in Frameworks */,
				4E0C35781A0E532B00507E4B /* AVFoundation.framework in Frameworks */,
			);
			runOnlyForDeploymentPostprocessing = 0;
		};
		4E0C355E1A0E4E4A00507E4B /* Frameworks */ = {
			isa = PBXFrameworksBuildPhase;
			buildActionMask = 2147483647;
			files = (
			);
			runOnlyForDeploymentPostprocessing = 0;
		};
/* End PBXFrameworksBuildPhase section */

/* Begin PBXGroup section */
		4E0C353F1A0E4E4A00507E4B = {
			isa = PBXGroup;
			children = (
				4E0C358D1A0E538200507E4B /* MessageUI.framework */,
				4E0C354A1A0E4E4A00507E4B /* Museochoix */,
				4E0C35491A0E4E4A00507E4B /* Products */,
			);
			sourceTree = "<group>";
		};
		4E0C35491A0E4E4A00507E4B /* Products */ = {
			isa = PBXGroup;
			children = (
				4E0C35481A0E4E4A00507E4B /* Museochoix.app */,
				4E0C35611A0E4E4A00507E4B /* MuseochoixTests.xctest */,
			);
			name = Products;
			sourceTree = "<group>";
		};
		4E0C354A1A0E4E4A00507E4B /* Museochoix */ = {
			isa = PBXGroup;
			children = (
				4E0C35CB1A0E5FC500507E4B /* web */,
				4E0C35761A0E531D00507E4B /* Framework */,
				4E0C354F1A0E4E4A00507E4B /* AppDelegate.h */,
				4E0C35501A0E4E4A00507E4B /* AppDelegate.m */,
				4E0C359B1A0E549100507E4B /* MyCameraImageSource.h */,
				4E0C359C1A0E549100507E4B /* MyCameraImageSource.m */,
				4E0C35521A0E4E4A00507E4B /* IntroViewController.h */,
				4E0C35531A0E4E4A00507E4B /* IntroViewController.m */,
				4E0C35551A0E4E4A00507E4B /* Main.storyboard */,
				4E0C35581A0E4E4A00507E4B /* Images.xcassets */,
				4E0C355A1A0E4E4A00507E4B /* LaunchScreen.xib */,
				4E0C354B1A0E4E4A00507E4B /* Supporting Files */,
				4E0C35711A0E51DE00507E4B /* MapViewController.h */,
				4E0C35721A0E51DE00507E4B /* MapViewController.m */,
				4E0C35CD1A0F61AB00507E4B /* VDARSDK.framework */,
			);
			path = Museochoix;
			sourceTree = "<group>";
		};
		4E0C354B1A0E4E4A00507E4B /* Supporting Files */ = {
			isa = PBXGroup;
			children = (
				4E0C35E71A0F9A5000507E4B /* lutte.mp3 */,
				4E0C35D71A0F6B2E00507E4B /* target_corner_1.png */,
				4E0C35D81A0F6B2E00507E4B /* target_corner_1@2x.png */,
				4E0C35D91A0F6B2E00507E4B /* target_corner_2.png */,
				4E0C35DA1A0F6B2E00507E4B /* target_corner_2@2x.png */,
				4E0C35DB1A0F6B2E00507E4B /* target_corner_3.png */,
				4E0C35DC1A0F6B2E00507E4B /* target_corner_3@2x.png */,
				4E0C35DD1A0F6B2E00507E4B /* target_corner_4.png */,
				4E0C35DE1A0F6B2E00507E4B /* target_corner_4@2x.png */,
				4E0C35CF1A0F6A8D00507E4B /* camOverlay_iPad.png */,
				4E0C35D01A0F6A8D00507E4B /* camOverlay_iPad@2x.png */,
				4E0C35D11A0F6A8D00507E4B /* camOverlay_iPhone.png */,
				4E0C35D21A0F6A8D00507E4B /* camOverlay_iPhone@2x.png */,
				4E0C354C1A0E4E4A00507E4B /* Info.plist */,
				4E0C354D1A0E4E4A00507E4B /* main.m */,
			);
			name = "Supporting Files";
			sourceTree = "<group>";
		};
		4E0C35761A0E531D00507E4B /* Framework */ = {
			isa = PBXGroup;
			children = (
				4E0C35991A0E53D800507E4B /* libicucore.dylib */,
				4E0C35971A0E53D400507E4B /* Accelerate.framework */,
				4E0C35951A0E53CD00507E4B /* MediaPlayer.framework */,
				4E0C35931A0E53A200507E4B /* libz.dylib */,
				4E0C35911A0E539A00507E4B /* libc++.dylib */,
				4E0C358F1A0E539400507E4B /* libiconv.dylib */,
				4E0C357B1A0E537300507E4B /* CoreImage.framework */,
				4E0C357C1A0E537300507E4B /* CoreLocation.framework */,
				4E0C357D1A0E537300507E4B /* CoreMedia.framework */,
				4E0C357E1A0E537300507E4B /* ImageIO.framework */,
				4E0C357F1A0E537300507E4B /* OpenGLES.framework */,
				4E0C35801A0E537300507E4B /* QuartzCore.framework */,
				4E0C35811A0E537300507E4B /* Security.framework */,
				4E0C35821A0E537300507E4B /* Social.framework */,
				4E0C35831A0E537300507E4B /* Twitter.framework */,
				4E0C35791A0E533000507E4B /* CoreBluetooth.framework */,
				4E0C35771A0E532B00507E4B /* AVFoundation.framework */,
			);
			name = Framework;
			sourceTree = "<group>";
		};
/* End PBXGroup section */

/* Begin PBXNativeTarget section */
		4E0C35471A0E4E4A00507E4B /* Museochoix */ = {
			isa = PBXNativeTarget;
			buildConfigurationList = 4E0C356B1A0E4E4A00507E4B /* Build configuration list for PBXNativeTarget "Museochoix" */;
			buildPhases = (
				4E0C35441A0E4E4A00507E4B /* Sources */,
				4E0C35451A0E4E4A00507E4B /* Frameworks */,
				4E0C35461A0E4E4A00507E4B /* Resources */,
			);
			buildRules = (
			);
			dependencies = (
			);
			name = Museochoix;
			productName = Museochoix;
			productReference = 4E0C35481A0E4E4A00507E4B /* Museochoix.app */;
			productType = "com.apple.product-type.application";
		};
		4E0C35601A0E4E4A00507E4B /* MuseochoixTests */ = {
			isa = PBXNativeTarget;
			buildConfigurationList = 4E0C356E1A0E4E4A00507E4B /* Build configuration list for PBXNativeTarget "MuseochoixTests" */;
			buildPhases = (
				4E0C355D1A0E4E4A00507E4B /* Sources */,
				4E0C355E1A0E4E4A00507E4B /* Frameworks */,
				4E0C355F1A0E4E4A00507E4B /* Resources */,
			);
			buildRules = (
			);
			dependencies = (
				4E0C35631A0E4E4A00507E4B /* PBXTargetDependency */,
			);
			name = MuseochoixTests;
			productName = MuseochoixTests;
			productReference = 4E0C35611A0E4E4A00507E4B /* MuseochoixTests.xctest */;
			productType = "com.apple.product-type.bundle.unit-test";
		};
/* End PBXNativeTarget section */

/* Begin PBXProject section */
		4E0C35401A0E4E4A00507E4B /* Project object */ = {
			isa = PBXProject;
			attributes = {
				LastUpgradeCheck = 0610;
				ORGANIZATIONNAME = Vidinoti;
				TargetAttributes = {
					4E0C35471A0E4E4A00507E4B = {
						CreatedOnToolsVersion = 6.1;
						DevelopmentTeam = WV2739QU9V;
					};
					4E0C35601A0E4E4A00507E4B = {
						CreatedOnToolsVersion = 6.1;
						TestTargetID = 4E0C35471A0E4E4A00507E4B;
					};
				};
			};
			buildConfigurationList = 4E0C35431A0E4E4A00507E4B /* Build configuration list for PBXProject "Museochoix" */;
			compatibilityVersion = "Xcode 3.2";
			developmentRegion = English;
			hasScannedForEncodings = 0;
			knownRegions = (
				en,
				Base,
			);
			mainGroup = 4E0C353F1A0E4E4A00507E4B;
			productRefGroup = 4E0C35491A0E4E4A00507E4B /* Products */;
			projectDirPath = "";
			projectRoot = "";
			targets = (
				4E0C35471A0E4E4A00507E4B /* Museochoix */,
				4E0C35601A0E4E4A00507E4B /* MuseochoixTests */,
			);
		};
/* End PBXProject section */

/* Begin PBXResourcesBuildPhase section */
		4E0C35461A0E4E4A00507E4B /* Resources */ = {
			isa = PBXResourcesBuildPhase;
			buildActionMask = 2147483647;
			files = (
				4E0C35571A0E4E4A00507E4B /* Main.storyboard in Resources */,
				4E0C35E31A0F6B2E00507E4B /* target_corner_3.png in Resources */,
				4E0C35E41A0F6B2E00507E4B /* target_corner_3@2x.png in Resources */,
				4E0C35D41A0F6A8D00507E4B /* camOverlay_iPad@2x.png in Resources */,
				4E0C35E01A0F6B2E00507E4B /* target_corner_1@2x.png in Resources */,
				4E0C35E61A0F6B2E00507E4B /* target_corner_4@2x.png in Resources */,
				4E0C35E21A0F6B2E00507E4B /* target_corner_2@2x.png in Resources */,
				4E0C35D61A0F6A8D00507E4B /* camOverlay_iPhone@2x.png in Resources */,
				4E0C35D31A0F6A8D00507E4B /* camOverlay_iPad.png in Resources */,
				4E0C35DF1A0F6B2E00507E4B /* target_corner_1.png in Resources */,
				4E0C35CC1A0E5FC500507E4B /* web in Resources */,
				4E0C35E51A0F6B2E00507E4B /* target_corner_4.png in Resources */,
				4E0C355C1A0E4E4A00507E4B /* LaunchScreen.xib in Resources */,
				4E0C35D51A0F6A8D00507E4B /* camOverlay_iPhone.png in Resources */,
				4E0C35E11A0F6B2E00507E4B /* target_corner_2.png in Resources */,
				4E0C35591A0E4E4A00507E4B /* Images.xcassets in Resources */,
				4E0C35E81A0F9A5000507E4B /* lutte.mp3 in Resources */,
			);
			runOnlyForDeploymentPostprocessing = 0;
		};
		4E0C355F1A0E4E4A00507E4B /* Resources */ = {
			isa = PBXResourcesBuildPhase;
			buildActionMask = 2147483647;
			files = (
			);
			runOnlyForDeploymentPostprocessing = 0;
		};
/* End PBXResourcesBuildPhase section */

/* Begin PBXSourcesBuildPhase section */
		4E0C35441A0E4E4A00507E4B /* Sources */ = {
			isa = PBXSourcesBuildPhase;
			buildActionMask = 2147483647;
			files = (
				4E0C359D1A0E549100507E4B /* MyCameraImageSource.m in Sources */,
				4E0C35541A0E4E4A00507E4B /* IntroViewController.m in Sources */,
				4E0C35511A0E4E4A00507E4B /* AppDelegate.m in Sources */,
				4E0C354E1A0E4E4A00507E4B /* main.m in Sources */,
				4E0C35731A0E51DE00507E4B /* MapViewController.m in Sources */,
			);
			runOnlyForDeploymentPostprocessing = 0;
		};
		4E0C355D1A0E4E4A00507E4B /* Sources */ = {
			isa = PBXSourcesBuildPhase;
			buildActionMask = 2147483647;
			files = (
			);
			runOnlyForDeploymentPostprocessing = 0;
		};
/* End PBXSourcesBuildPhase section */

/* Begin PBXTargetDependency section */
		4E0C35631A0E4E4A00507E4B /* PBXTargetDependency */ = {
			isa = PBXTargetDependency;
			target = 4E0C35471A0E4E4A00507E4B /* Museochoix */;
			targetProxy = 4E0C35621A0E4E4A00507E4B /* PBXContainerItemProxy */;
		};
/* End PBXTargetDependency section */

/* Begin PBXVariantGroup section */
		4E0C35551A0E4E4A00507E4B /* Main.storyboard */ = {
			isa = PBXVariantGroup;
			children = (
				4E0C35561A0E4E4A00507E4B /* Base */,
			);
			name = Main.storyboard;
			sourceTree = "<group>";
		};
		4E0C355A1A0E4E4A00507E4B /* LaunchScreen.xib */ = {
			isa = PBXVariantGroup;
			children = (
				4E0C355B1A0E4E4A00507E4B /* Base */,
			);
			name = LaunchScreen.xib;
			sourceTree = "<group>";
		};
/* End PBXVariantGroup section */

/* Begin XCBuildConfiguration section */
		4E0C35691A0E4E4A00507E4B /* Debug */ = {
			isa = XCBuildConfiguration;
			buildSettings = {
				ALWAYS_SEARCH_USER_PATHS = NO;
				CLANG_CXX_LANGUAGE_STANDARD = "gnu++0x";
				CLANG_CXX_LIBRARY = "libc++";
				CLANG_ENABLE_MODULES = YES;
				CLANG_ENABLE_OBJC_ARC = YES;
				CLANG_WARN_BOOL_CONVERSION = YES;
				CLANG_WARN_CONSTANT_CONVERSION = YES;
				CLANG_WARN_DIRECT_OBJC_ISA_USAGE = YES_ERROR;
				CLANG_WARN_EMPTY_BODY = YES;
				CLANG_WARN_ENUM_CONVERSION = YES;
				CLANG_WARN_INT_CONVERSION = YES;
				CLANG_WARN_OBJC_ROOT_CLASS = YES_ERROR;
				CLANG_WARN_UNREACHABLE_CODE = YES;
				CLANG_WARN__DUPLICATE_METHOD_MATCH = YES;
				"CODE_SIGN_IDENTITY[sdk=iphoneos*]" = "iPhone Developer";
				COPY_PHASE_STRIP = NO;
				ENABLE_STRICT_OBJC_MSGSEND = YES;
				GCC_C_LANGUAGE_STANDARD = gnu99;
				GCC_DYNAMIC_NO_PIC = NO;
				GCC_OPTIMIZATION_LEVEL = 0;
				GCC_PREPROCESSOR_DEFINITIONS = (
					"DEBUG=1",
					"$(inherited)",
				);
				GCC_SYMBOLS_PRIVATE_EXTERN = NO;
				GCC_WARN_64_TO_32_BIT_CONVERSION = YES;
				GCC_WARN_ABOUT_RETURN_TYPE = YES_ERROR;
				GCC_WARN_UNDECLARED_SELECTOR = YES;
				GCC_WARN_UNINITIALIZED_AUTOS = YES_AGGRESSIVE;
				GCC_WARN_UNUSED_FUNCTION = YES;
				GCC_WARN_UNUSED_VARIABLE = YES;
				IPHONEOS_DEPLOYMENT_TARGET = 8.1;
				MTL_ENABLE_DEBUG_INFO = YES;
				ONLY_ACTIVE_ARCH = YES;
				OTHER_LDFLAGS = "-ObjC";
				SDKROOT = iphoneos;
				TARGETED_DEVICE_FAMILY = "1,2";
			};
			name = Debug;
		};
		4E0C356A1A0E4E4A00507E4B /* Release */ = {
			isa = XCBuildConfiguration;
			buildSettings = {
				ALWAYS_SEARCH_USER_PATHS = NO;
				CLANG_CXX_LANGUAGE_STANDARD = "gnu++0x";
				CLANG_CXX_LIBRARY = "libc++";
				CLANG_ENABLE_MODULES = YES;
				CLANG_ENABLE_OBJC_ARC = YES;
				CLANG_WARN_BOOL_CONVERSION = YES;
				CLANG_WARN_CONSTANT_CONVERSION = YES;
				CLANG_WARN_DIRECT_OBJC_ISA_USAGE = YES_ERROR;
				CLANG_WARN_EMPTY_BODY = YES;
				CLANG_WARN_ENUM_CONVERSION = YES;
				CLANG_WARN_INT_CONVERSION = YES;
				CLANG_WARN_OBJC_ROOT_CLASS = YES_ERROR;
				CLANG_WARN_UNREACHABLE_CODE = YES;
				CLANG_WARN__DUPLICATE_METHOD_MATCH = YES;
				"CODE_SIGN_IDENTITY[sdk=iphoneos*]" = "iPhone Developer";
				COPY_PHASE_STRIP = YES;
				ENABLE_NS_ASSERTIONS = NO;
				ENABLE_STRICT_OBJC_MSGSEND = YES;
				GCC_C_LANGUAGE_STANDARD = gnu99;
				GCC_WARN_64_TO_32_BIT_CONVERSION = YES;
				GCC_WARN_ABOUT_RETURN_TYPE = YES_ERROR;
				GCC_WARN_UNDECLARED_SELECTOR = YES;
				GCC_WARN_UNINITIALIZED_AUTOS = YES_AGGRESSIVE;
				GCC_WARN_UNUSED_FUNCTION = YES;
				GCC_WARN_UNUSED_VARIABLE = YES;
				IPHONEOS_DEPLOYMENT_TARGET = 8.1;
				MTL_ENABLE_DEBUG_INFO = NO;
				OTHER_LDFLAGS = "-ObjC";
				SDKROOT = iphoneos;
				TARGETED_DEVICE_FAMILY = "1,2";
				VALIDATE_PRODUCT = YES;
			};
			name = Release;
		};
		4E0C356C1A0E4E4A00507E4B /* Debug */ = {
			isa = XCBuildConfiguration;
			buildSettings = {
				ASSETCATALOG_COMPILER_APPICON_NAME = AppIcon;
				ASSETCATALOG_COMPILER_LAUNCHIMAGE_NAME = LaunchImage;
				FRAMEWORK_SEARCH_PATHS = (
					"$(inherited)",
					"$(PROJECT_DIR)/Museochoix",
				);
				INFOPLIST_FILE = Museochoix/Info.plist;
				IPHONEOS_DEPLOYMENT_TARGET = 8.0;
				LD_RUNPATH_SEARCH_PATHS = "$(inherited) @executable_path/Frameworks";
				PRODUCT_NAME = "$(TARGET_NAME)";
				TARGETED_DEVICE_FAMILY = 2;
			};
			name = Debug;
		};
		4E0C356D1A0E4E4A00507E4B /* Release */ = {
			isa = XCBuildConfiguration;
			buildSettings = {
				ASSETCATALOG_COMPILER_APPICON_NAME = AppIcon;
				ASSETCATALOG_COMPILER_LAUNCHIMAGE_NAME = LaunchImage;
				FRAMEWORK_SEARCH_PATHS = (
					"$(inherited)",
					"$(PROJECT_DIR)/Museochoix",
				);
				INFOPLIST_FILE = Museochoix/Info.plist;
				IPHONEOS_DEPLOYMENT_TARGET = 8.0;
				LD_RUNPATH_SEARCH_PATHS = "$(inherited) @executable_path/Frameworks";
				PRODUCT_NAME = "$(TARGET_NAME)";
				TARGETED_DEVICE_FAMILY = 2;
			};
			name = Release;
		};
		4E0C356F1A0E4E4A00507E4B /* Debug */ = {
			isa = XCBuildConfiguration;
			buildSettings = {
				BUNDLE_LOADER = "$(TEST_HOST)";
				FRAMEWORK_SEARCH_PATHS = (
					"$(SDKROOT)/Developer/Library/Frameworks",
					"$(inherited)",
				);
				GCC_PREPROCESSOR_DEFINITIONS = (
					"DEBUG=1",
					"$(inherited)",
				);
				INFOPLIST_FILE = MuseochoixTests/Info.plist;
				LD_RUNPATH_SEARCH_PATHS = "$(inherited) @executable_path/Frameworks @loader_path/Frameworks";
				PRODUCT_NAME = "$(TARGET_NAME)";
				TEST_HOST = "$(BUILT_PRODUCTS_DIR)/Museochoix.app/Museochoix";
			};
			name = Debug;
		};
		4E0C35701A0E4E4A00507E4B /* Release */ = {
			isa = XCBuildConfiguration;
			buildSettings = {
				BUNDLE_LOADER = "$(TEST_HOST)";
				FRAMEWORK_SEARCH_PATHS = (
					"$(SDKROOT)/Developer/Library/Frameworks",
					"$(inherited)",
				);
				INFOPLIST_FILE = MuseochoixTests/Info.plist;
				LD_RUNPATH_SEARCH_PATHS = "$(inherited) @executable_path/Frameworks @loader_path/Frameworks";
				PRODUCT_NAME = "$(TARGET_NAME)";
				TEST_HOST = "$(BUILT_PRODUCTS_DIR)/Museochoix.app/Museochoix";
			};
			name = Release;
		};
/* End XCBuildConfiguration section */

/* Begin XCConfigurationList section */
		4E0C35431A0E4E4A00507E4B /* Build configuration list for PBXProject "Museochoix" */ = {
			isa = XCConfigurationList;
			buildConfigurations = (
				4E0C35691A0E4E4A00507E4B /* Debug */,
				4E0C356A1A0E4E4A00507E4B /* Release */,
			);
			defaultConfigurationIsVisible = 0;
			defaultConfigurationName = Release;
		};
		4E0C356B1A0E4E4A00507E4B /* Build configuration list for PBXNativeTarget "Museochoix" */ = {
			isa = XCConfigurationList;
			buildConfigurations = (
				4E0C356C1A0E4E4A00507E4B /* Debug */,
				4E0C356D1A0E4E4A00507E4B /* Release */,
			);
			defaultConfigurationIsVisible = 0;
			defaultConfigurationName = Release;
		};
		4E0C356E1A0E4E4A00507E4B /* Build configuration list for PBXNativeTarget "MuseochoixTests" */ = {
			isa = XCConfigurationList;
			buildConfigurations = (
				4E0C356F1A0E4E4A00507E4B /* Debug */,
				4E0C35701A0E4E4A00507E4B /* Release */,
			);
			defaultConfigurationIsVisible = 0;
			defaultConfigurationName = Release;
		};
/* End XCConfigurationList section */
	};
	rootObject = 4E0C35401A0E4E4A00507E4B /* Project object */;
}
